
Microsoft Visual Studio Solution File, Format Version 12.00
# Visual Studio Version 17
VisualStudioVersion = 17.1.32210.238
MinimumVisualStudioVersion = 10.0.40219.1
Project("{9A19103F-16F7-4668-BE54-9A1E7A4F7556}") = "BlazorFullStackCrud.Server", "BlazorFullStackCrud\Server\BlazorFullStackCrud.Server.csproj", "{34F94AB6-9735-49F5-B47A-170EFCE4C71E}"
EndProject
Project("{9A19103F-16F7-4668-BE54-9A1E7A4F7556}") = "BlazorFullStackCrud.Client", "BlazorFullStackCrud\Client\BlazorFullStackCrud.Client.csproj", "{A748C9F9-94C2-4648-ACC7-F69B1675DB9E}"
EndProject
Project("{9A19103F-16F7-4668-BE54-9A1E7A4F7556}") = "BlazorFullStackCrud.Shared", "BlazorFullStackCrud\Shared\BlazorFullStackCrud.Shared.csproj", "{E9DEDE15-02AC-4B68-972C-160E719B9AD7}"
EndProject
Global
	GlobalSection(SolutionConfigurationPlatforms) = preSolution
		Debug|Any CPU = Debug|Any CPU
		Release|Any CPU = Release|Any CPU
	EndGlobalSection
	GlobalSection(ProjectConfigurationPlatforms) = postSolution
		{34F94AB6-9735-49F5-B47A-170EFCE4C71E}.Debug|Any CPU.ActiveCfg = Debug|Any CPU
		{34F94AB6-9735-49F5-B47A-170EFCE4C71E}.Debug|Any CPU.Build.0 = Debug|Any CPU
		{34F94AB6-9735-49F5-B47A-170EFCE4C71E}.Release|Any CPU.ActiveCfg = Release|Any CPU
		{34F94AB6-9735-49F5-B47A-170EFCE4C71E}.Release|Any CPU.Build.0 = Release|Any CPU
		{A748C9F9-94C2-4648-ACC7-F69B1675DB9E}.Debug|Any CPU.ActiveCfg = Debug|Any CPU
		{A748C9F9-94C2-4648-ACC7-F69B1675DB9E}.Debug|Any CPU.Build.0 = Debug|Any CPU
		{A748C9F9-94C2-4648-ACC7-F69B1675DB9E}.Release|Any CPU.ActiveCfg = Release|Any CPU
		{A748C9F9-94C2-4648-ACC7-F69B1675DB9E}.Release|Any CPU.Build.0 = Release|Any CPU
		{E9DEDE15-02AC-4B68-972C-160E719B9AD7}.Debug|Any CPU.ActiveCfg = Debug|Any CPU
		{E9DEDE15-02AC-4B68-972C-160E719B9AD7}.Debug|Any CPU.Build.0 = Debug|Any CPU
		{E9DEDE15-02AC-4B68-972C-160E719B9AD7}.Release|Any CPU.ActiveCfg = Release|Any CPU
		{E9DEDE15-02AC-4B68-972C-160E719B9AD7}.Release|Any CPU.Build.0 = Release|Any CPU
	EndGlobalSection
	GlobalSection(SolutionProperties) = preSolution
		HideSolutionNode = FALSE
	EndGlobalSection
	GlobalSection(ExtensibilityGlobals) = postSolution
		SolutionGuid = {3996C135-FAC4-4F3C-946E-4744715A5111}
	EndGlobalSection
EndGlobal
